{
  "version": "0.5.2",
  "registry": "https://formicai.dev/r",
  "items": {
    "app-shell": "0.5.2",
    "app-sidebar": "0.5.2",
    "brand": "0.5.2",
    "button": "0.5.2",
    "calendar": "0.5.2",
    "cards": "0.5.2",
    "charts": "0.5.2",
    "config": "0.5.2",
    "data-table": "0.5.2",
    "date-picker": "0.5.2",
    "doodle": "0.5.2",
    "dropdown-menu": "0.5.2",
    "empty-state": "0.5.2",
    "filter-bar": "0.5.2",
    "formic": "0.5.2",
    "hooks": "0.5.2",
    "input": "0.5.2",
    "modal": "0.5.2",
    "pagination": "0.5.2",
    "panel": "0.5.2",
    "primitives": "0.5.2",
    "project-sidebar": "0.5.2",
    "select": "0.5.2",
    "sidebar-nav": "0.5.2",
    "stat-card": "0.5.2",
    "toast": "0.5.2",
    "top-bar": "0.5.2"
  },
  "files": {
    ".claude/skills/formic-design-system/SKILL.md": "sha256:badfea6a3bc03b3f38fdb3b62df5298ffe0a542b7aeb29c487fa2aa328128612",
    "AGENTS.md": "sha256:0c688785a9559b788333b6af15f88d2a2c5b6fcdb88b5ad286b6d76e4799a2f1",
    "src/formic/VERSION": "sha256:d539f51e588cc658f893460e5c75c283bbda3e7ba46f09eeb1c94e71551412d7",
    "src/formic/components/AppShell.tsx": "sha256:018a6754d5194ffa60d02c5bb7788b20e3c39a809899aecab4beeff89f0facee",
    "src/formic/components/AppSidebar.tsx": "sha256:57d97ce177a923aa8c2ec40f02919cbe0c62c20e346e72ba4c4934034daaa0d8",
    "src/formic/components/Button.tsx": "sha256:808b7e60bc90c18701b7c204a4eeb6b9b8a3ec86a14efee019bb7e8d6db6e2c4",
    "src/formic/components/Calendar.tsx": "sha256:461840c2365e5c73f155d88adaa32edd2b9ec1554222f56453fb6137a41e1249",
    "src/formic/components/DataTable.tsx": "sha256:84d5ece25cc2778581cb746e42eec8e8f93ae44d87dbfa4d085f563a37b0e8f6",
    "src/formic/components/DatePicker.tsx": "sha256:8a416997043810ddb86fb1819bc60d0ab3950d014a631efdc7b588ae07faa4c0",
    "src/formic/components/DropdownMenu.tsx": "sha256:0619a6cbceeb219d8893ee2ea865ba1f50dab4c13f507f44254a3fe71389732c",
    "src/formic/components/EmptyState.tsx": "sha256:69dfd7360f7d97c5423161b04ba02536102e418665bf060242f37d369bef93b8",
    "src/formic/components/FilterBar.tsx": "sha256:e16e68ca0bea086d563bca942583869f52c976cc30fa1cfa34bfefc70203881c",
    "src/formic/components/Input.tsx": "sha256:ecd922e07734b0f12c81f406f39c6598cf691f14f6842f2972f8c55965a22a7a",
    "src/formic/components/Modal.tsx": "sha256:b5129586f24185cc3f30c531da8d95807c4a0c6cdfa8d2a356743c81e24f505d",
    "src/formic/components/Pagination.tsx": "sha256:e39c03e577f109fd2ce968e9be00d5dd250a9728024d29d27728bf44f9e55843",
    "src/formic/components/Panel.tsx": "sha256:215adb7771b5864a6188e5a6afe71f7a6b4f28adf76cc86f1145eb96c62e910a",
    "src/formic/components/ProjectSidebar.tsx": "sha256:1e5da52abf10f1e8bc0998384d57f729b504cda5251638577223f80d5451b4e7",
    "src/formic/components/Select.tsx": "sha256:bc1b1a9bcb74aad81590fe910092ba94eaa4547706d7ba4814e5bb03598a2b6c",
    "src/formic/components/SidebarNav.tsx": "sha256:4a9e1352da3590560d5bbd6ea007c4c47833d7a27b24895c4eaf2d0e252b023a",
    "src/formic/components/StatCard.tsx": "sha256:771b29ce48aa68b34a6b70b6ef2ab15693525bea6298c0a061903570631cac40",
    "src/formic/components/Toast.tsx": "sha256:c31d1659b9311a323d371350c0682dc0ba67369a830972cbb6a04e7517fb3fd4",
    "src/formic/components/TopBar.tsx": "sha256:b3744f6515d08850885d7e5997606694e991a8507547cae134609f89b98b5905",
    "src/formic/components/brand.tsx": "sha256:23c76e21e490ce375845df015879305dadf6fcbfbc47ae55c785e762b862bba3",
    "src/formic/components/cards.tsx": "sha256:bb9e5d2d117b2c9a82c3c3aa625fd51f42163e8856ca02078c3cfacfb1d1c692",
    "src/formic/components/charts.tsx": "sha256:09bb3337a735eb92a2f0368ce1457a35689eaa924bcaf99bc042e91f43e0bcab",
    "src/formic/components/config.ts": "sha256:e6b4a525e040e5b0583b67c9a06cebe628b7d8bdfa39ebb2f534af679d2235d4",
    "src/formic/components/doodle.ts": "sha256:74412fbe684902ff91d1a9ae8abb345ea077bfc34bf90341ab1620899e5db89c",
    "src/formic/components/hooks.ts": "sha256:1832f37e13ab7ffeb5b15c9e308499efe3a4819d4e82ebc6a4b9a40e6b48e39a",
    "src/formic/components/primitives.tsx": "sha256:4bf564a2fb03418a7596ad50bc70df74b2e99a4ef6351ea0c9f40edd54338d0d",
    "src/formic/components/theme.ts": "sha256:ba1e170ba175723367cc6d4f440f959affaa9e570548668b659fcfd1d8b49e9c",
    "src/formic/scripts/apply_config.py": "sha256:4112b0f4eeb57e4adb353b08ee1d8db91d34176c5b60b21cfd0f7fe48e6ae1cb",
    "src/formic/scripts/compose_check.py": "sha256:b724ec90f00f9bf4ce248d97eac5083a4eb2e5d89f7d4012ffaacded510a4539",
    "src/formic/scripts/formic_check.py": "sha256:e9141c8a091718141f8fbb60262028bbee0ce33aa11fa432e6e71b60d25007f6",
    "src/formic/scripts/palette.py": "sha256:dd313cf29bcc10fc74105406e03c35067c274b7e4e2e7ac91b6b870f3b120173",
    "src/formic/scripts/set_accent.py": "sha256:f560c231373bc4ad6931ab5e12f44dab851f88b6427a8ec2d9fd8b719994d50e",
    "src/formic/styles/brands.css": "sha256:0c08dd8cf52271d5534fc96050fc8b771b078f7d26d761264cecff6acc38b52f",
    "src/formic/styles/fonts.css": "sha256:4a29528a88cf1a1f72824c2b0ddbf7dbe2285d3adbef5c5877a947222b340b6c",
    "src/formic/styles/formic.css": "sha256:f40030ddde1d9aa52496ed04cdded280ebd92c7e6991e1c1b28a34246f55ab9f",
    "src/formic/styles/records.css": "sha256:8f51f4c135bc623a4b0b6bd593df26f3fc2d632137fccf9128dd9b33ca803b66",
    "src/formic/styles/sidebar.css": "sha256:8f4fd39c11187d0583716aba4f574147084dbce0863a40e088bef277b42d3b86",
    "src/formic/styles/tailwind-theme.css": "sha256:811c6a64c6cb0628c944d3ac1ac2fde92098d8f2cea82e753f1aba137fd26804",
    "src/formic/styles/themes.css": "sha256:a3f506cc92d6fa79a83e87e5c7eb1c7161c8d6ea7827786644d30e2c84d2daee",
    "src/formic/styles/tokens.css": "sha256:5df3f7c35503eac731cd75f33d00c474b7caee50893618345d6848e742ae767f"
  }
}
